// !$*UTF8*$!
{
	archiveVersion = 1;
	classes = {
	};
	objectVersion = 56;
	objects = {

/* Begin PBXBuildFile section */
		0E3C88972AFD4B5400CE8EE7 /* NewChatViewController.swift in Sources */ = {isa = PBXBuildFile; fileRef = 0E3C88962AFD4B5400CE8EE7 /* NewChatViewController.swift */; };
		0E3C88992AFD4B6100CE8EE7 /* NewChatView.swift in Sources */ = {isa = PBXBuildFile; fileRef = 0E3C88982AFD4B6100CE8EE7 /* NewChatView.swift */; };
		0E3C889B2AFD4C3500CE8EE7 /* SearchTableViewCell.swift in Sources */ = {isa = PBXBuildFile; fileRef = 0E3C889A2AFD4C3500CE8EE7 /* SearchTableViewCell.swift */; };
		0EA0A6C62B0008F6000393BA /* Defaults.swift in Sources */ = {isa = PBXBuildFile; fileRef = 0EA0A6C52B0008F6000393BA /* Defaults.swift */; };
		BE900C282AF9450A00CCDEE0 /* AppDelegate.swift in Sources */ = {isa = PBXBuildFile; fileRef = BE900C272AF9450A00CCDEE0 /* AppDelegate.swift */; };
		BE900C2A2AF9450A00CCDEE0 /* SceneDelegate.swift in Sources */ = {isa = PBXBuildFile; fileRef = BE900C292AF9450A00CCDEE0 /* SceneDelegate.swift */; };
		BE900C2C2AF9450A00CCDEE0 /* ViewController.swift in Sources */ = {isa = PBXBuildFile; fileRef = BE900C2B2AF9450A00CCDEE0 /* ViewController.swift */; };
		BE900C2F2AF9450A00CCDEE0 /* Main.storyboard in Resources */ = {isa = PBXBuildFile; fileRef = BE900C2D2AF9450A00CCDEE0 /* Main.storyboard */; };
		BE900C312AF9450C00CCDEE0 /* Assets.xcassets in Resources */ = {isa = PBXBuildFile; fileRef = BE900C302AF9450C00CCDEE0 /* Assets.xcassets */; };
		BE900C342AF9450C00CCDEE0 /* LaunchScreen.storyboard in Resources */ = {isa = PBXBuildFile; fileRef = BE900C322AF9450C00CCDEE0 /* LaunchScreen.storyboard */; };
		BE900C3C2AF94B7B00CCDEE0 /* GoogleService-Info.plist in Resources */ = {isa = PBXBuildFile; fileRef = BE900C3B2AF94B7B00CCDEE0 /* GoogleService-Info.plist */; };
		BE900C3F2AF94CC300CCDEE0 /* FirebaseAuth in Frameworks */ = {isa = PBXBuildFile; productRef = BE900C3E2AF94CC300CCDEE0 /* FirebaseAuth */; };
		BE900C412AF94CC300CCDEE0 /* FirebaseFirestore in Frameworks */ = {isa = PBXBuildFile; productRef = BE900C402AF94CC300CCDEE0 /* FirebaseFirestore */; };
		BE900C432AF94CC300CCDEE0 /* FirebaseFirestoreSwift in Frameworks */ = {isa = PBXBuildFile; productRef = BE900C422AF94CC300CCDEE0 /* FirebaseFirestoreSwift */; };
		BE900C452AF94CC300CCDEE0 /* FirebaseStorage in Frameworks */ = {isa = PBXBuildFile; productRef = BE900C442AF94CC300CCDEE0 /* FirebaseStorage */; };
		BE900C472AF94DCE00CCDEE0 /* User.swift in Sources */ = {isa = PBXBuildFile; fileRef = BE900C462AF94DCE00CCDEE0 /* User.swift */; };
		BE900C492AF94DFF00CCDEE0 /* Chat.swift in Sources */ = {isa = PBXBuildFile; fileRef = BE900C482AF94DFF00CCDEE0 /* Chat.swift */; };
		BE900C4B2AF9530000CCDEE0 /* ChatAPIService.swift in Sources */ = {isa = PBXBuildFile; fileRef = BE900C4A2AF9530000CCDEE0 /* ChatAPIService.swift */; };
		BE900C502AF9686F00CCDEE0 /* LoginView.swift in Sources */ = {isa = PBXBuildFile; fileRef = BE900C4F2AF9686F00CCDEE0 /* LoginView.swift */; };
		BE900C522AF9688600CCDEE0 /* SignupView.swift in Sources */ = {isa = PBXBuildFile; fileRef = BE900C512AF9688600CCDEE0 /* SignupView.swift */; };
		BE900C542AF9695D00CCDEE0 /* NotificationNames.swift in Sources */ = {isa = PBXBuildFile; fileRef = BE900C532AF9695D00CCDEE0 /* NotificationNames.swift */; };
		BE900C562AF969F800CCDEE0 /* SignupViewController.swift in Sources */ = {isa = PBXBuildFile; fileRef = BE900C552AF969F800CCDEE0 /* SignupViewController.swift */; };
		BE900C582AF96A2100CCDEE0 /* Utils.swift in Sources */ = {isa = PBXBuildFile; fileRef = BE900C572AF96A2100CCDEE0 /* Utils.swift */; };
		BE900C5A2AF96B6000CCDEE0 /* LoginViewController.swift in Sources */ = {isa = PBXBuildFile; fileRef = BE900C592AF96B6000CCDEE0 /* LoginViewController.swift */; };
		BE900C5C2AF96C1300CCDEE0 /* ChatListView.swift in Sources */ = {isa = PBXBuildFile; fileRef = BE900C5B2AF96C1300CCDEE0 /* ChatListView.swift */; };
		BE900C5E2AF96E7D00CCDEE0 /* AuthenticationAPIService.swift in Sources */ = {isa = PBXBuildFile; fileRef = BE900C5D2AF96E7D00CCDEE0 /* AuthenticationAPIService.swift */; };
		BE900C612AF975B600CCDEE0 /* ProgressSpinnerViewController.swift in Sources */ = {isa = PBXBuildFile; fileRef = BE900C602AF975B500CCDEE0 /* ProgressSpinnerViewController.swift */; };
		BE900C642AF975E500CCDEE0 /* ProgressSpinnerDelegate.swift in Sources */ = {isa = PBXBuildFile; fileRef = BE900C632AF975E500CCDEE0 /* ProgressSpinnerDelegate.swift */; };
		BE900C662AF9768200CCDEE0 /* SignupProgressIndicatorManager.swift in Sources */ = {isa = PBXBuildFile; fileRef = BE900C652AF9768200CCDEE0 /* SignupProgressIndicatorManager.swift */; };
		BE900C6A2AF97D1700CCDEE0 /* LoginProgressIndicatorManager.swift in Sources */ = {isa = PBXBuildFile; fileRef = BE900C692AF97D1700CCDEE0 /* LoginProgressIndicatorManager.swift */; };
		BE900C6C2AF980C300CCDEE0 /* NavbarButtonManager.swift in Sources */ = {isa = PBXBuildFile; fileRef = BE900C6B2AF980C300CCDEE0 /* NavbarButtonManager.swift */; };
/* End PBXBuildFile section */

/* Begin PBXFileReference section */
		0E3C88962AFD4B5400CE8EE7 /* NewChatViewController.swift */ = {isa = PBXFileReference; lastKnownFileType = sourcecode.swift; path = NewChatViewController.swift; sourceTree = "<group>"; };
		0E3C88982AFD4B6100CE8EE7 /* NewChatView.swift */ = {isa = PBXFileReference; lastKnownFileType = sourcecode.swift; path = NewChatView.swift; sourceTree = "<group>"; };
		0E3C889A2AFD4C3500CE8EE7 /* SearchTableViewCell.swift */ = {isa = PBXFileReference; lastKnownFileType = sourcecode.swift; path = SearchTableViewCell.swift; sourceTree = "<group>"; };
		0EA0A6C52B0008F6000393BA /* Defaults.swift */ = {isa = PBXFileReference; lastKnownFileType = sourcecode.swift; path = Defaults.swift; sourceTree = "<group>"; };
		BE900C242AF9450A00CCDEE0 /* WA8_Pinheiro_1437.app */ = {isa = PBXFileReference; explicitFileType = wrapper.application; includeInIndex = 0; path = WA8_Pinheiro_1437.app; sourceTree = BUILT_PRODUCTS_DIR; };
		BE900C272AF9450A00CCDEE0 /* AppDelegate.swift */ = {isa = PBXFileReference; lastKnownFileType = sourcecode.swift; path = AppDelegate.swift; sourceTree = "<group>"; };
		BE900C292AF9450A00CCDEE0 /* SceneDelegate.swift */ = {isa = PBXFileReference; lastKnownFileType = sourcecode.swift; path = SceneDelegate.swift; sourceTree = "<group>"; };
		BE900C2B2AF9450A00CCDEE0 /* ViewController.swift */ = {isa = PBXFileReference; lastKnownFileType = sourcecode.swift; path = ViewController.swift; sourceTree = "<group>"; };
		BE900C2E2AF9450A00CCDEE0 /* Base */ = {isa = PBXFileReference; lastKnownFileType = file.storyboard; name = Base; path = Base.lproj/Main.storyboard; sourceTree = "<group>"; };
		BE900C302AF9450C00CCDEE0 /* Assets.xcassets */ = {isa = PBXFileReference; lastKnownFileType = folder.assetcatalog; path = Assets.xcassets; sourceTree = "<group>"; };
		BE900C332AF9450C00CCDEE0 /* Base */ = {isa = PBXFileReference; lastKnownFileType = file.storyboard; name = Base; path = Base.lproj/LaunchScreen.storyboard; sourceTree = "<group>"; };
		BE900C352AF9450C00CCDEE0 /* Info.plist */ = {isa = PBXFileReference; lastKnownFileType = text.plist.xml; path = Info.plist; sourceTree = "<group>"; };
		BE900C3B2AF94B7B00CCDEE0 /* GoogleService-Info.plist */ = {isa = PBXFileReference; fileEncoding = 4; lastKnownFileType = text.plist.xml; path = "GoogleService-Info.plist"; sourceTree = "<group>"; };
		BE900C462AF94DCE00CCDEE0 /* User.swift */ = {isa = PBXFileReference; lastKnownFileType = sourcecode.swift; path = User.swift; sourceTree = "<group>"; };
		BE900C482AF94DFF00CCDEE0 /* Chat.swift */ = {isa = PBXFileReference; lastKnownFileType = sourcecode.swift; path = Chat.swift; sourceTree = "<group>"; };
		BE900C4A2AF9530000CCDEE0 /* ChatAPIService.swift */ = {isa = PBXFileReference; lastKnownFileType = sourcecode.swift; path = ChatAPIService.swift; sourceTree = "<group>"; };
		BE900C4F2AF9686F00CCDEE0 /* LoginView.swift */ = {isa = PBXFileReference; lastKnownFileType = sourcecode.swift; path = LoginView.swift; sourceTree = "<group>"; };
		BE900C512AF9688600CCDEE0 /* SignupView.swift */ = {isa = PBXFileReference; lastKnownFileType = sourcecode.swift; path = SignupView.swift; sourceTree = "<group>"; };
		BE900C532AF9695D00CCDEE0 /* NotificationNames.swift */ = {isa = PBXFileReference; lastKnownFileType = sourcecode.swift; path = NotificationNames.swift; sourceTree = "<group>"; };
		BE900C552AF969F800CCDEE0 /* SignupViewController.swift */ = {isa = PBXFileReference; lastKnownFileType = sourcecode.swift; path = SignupViewController.swift; sourceTree = "<group>"; };
		BE900C572AF96A2100CCDEE0 /* Utils.swift */ = {isa = PBXFileReference; lastKnownFileType = sourcecode.swift; path = Utils.swift; sourceTree = "<group>"; };
		BE900C592AF96B6000CCDEE0 /* LoginViewController.swift */ = {isa = PBXFileReference; lastKnownFileType = sourcecode.swift; path = LoginViewController.swift; sourceTree = "<group>"; };
		BE900C5B2AF96C1300CCDEE0 /* ChatListView.swift */ = {isa = PBXFileReference; lastKnownFileType = sourcecode.swift; path = ChatListView.swift; sourceTree = "<group>"; };
		BE900C5D2AF96E7D00CCDEE0 /* AuthenticationAPIService.swift */ = {isa = PBXFileReference; lastKnownFileType = sourcecode.swift; path = AuthenticationAPIService.swift; sourceTree = "<group>"; };
		BE900C602AF975B500CCDEE0 /* ProgressSpinnerViewController.swift */ = {isa = PBXFileReference; lastKnownFileType = sourcecode.swift; path = ProgressSpinnerViewController.swift; sourceTree = "<group>"; };
		BE900C632AF975E500CCDEE0 /* ProgressSpinnerDelegate.swift */ = {isa = PBXFileReference; lastKnownFileType = sourcecode.swift; path = ProgressSpinnerDelegate.swift; sourceTree = "<group>"; };
		BE900C652AF9768200CCDEE0 /* SignupProgressIndicatorManager.swift */ = {isa = PBXFileReference; lastKnownFileType = sourcecode.swift; path = SignupProgressIndicatorManager.swift; sourceTree = "<group>"; };
		BE900C692AF97D1700CCDEE0 /* LoginProgressIndicatorManager.swift */ = {isa = PBXFileReference; lastKnownFileType = sourcecode.swift; path = LoginProgressIndicatorManager.swift; sourceTree = "<group>"; };
		BE900C6B2AF980C300CCDEE0 /* NavbarButtonManager.swift */ = {isa = PBXFileReference; lastKnownFileType = sourcecode.swift; path = NavbarButtonManager.swift; sourceTree = "<group>"; };
/* End PBXFileReference section */

/* Begin PBXFrameworksBuildPhase section */
		BE900C212AF9450A00CCDEE0 /* Frameworks */ = {
			isa = PBXFrameworksBuildPhase;
			buildActionMask = 2147483647;
			files = (
				BE900C3F2AF94CC300CCDEE0 /* FirebaseAuth in Frameworks */,
				BE900C452AF94CC300CCDEE0 /* FirebaseStorage in Frameworks */,
				BE900C412AF94CC300CCDEE0 /* FirebaseFirestore in Frameworks */,
				BE900C432AF94CC300CCDEE0 /* FirebaseFirestoreSwift in Frameworks */,
			);
			runOnlyForDeploymentPostprocessing = 0;
		};
/* End PBXFrameworksBuildPhase section */

/* Begin PBXGroup section */
		0E3C88952AFD4B3500CE8EE7 /* NewChat */ = {
			isa = PBXGroup;
			children = (
				0E3C88962AFD4B5400CE8EE7 /* NewChatViewController.swift */,
				0E3C88982AFD4B6100CE8EE7 /* NewChatView.swift */,
				0E3C889A2AFD4C3500CE8EE7 /* SearchTableViewCell.swift */,
			);
			path = NewChat;
			sourceTree = "<group>";
		};
		0EA0A6C42B0008EB000393BA /* Utils */ = {
			isa = PBXGroup;
			children = (
				BE900C572AF96A2100CCDEE0 /* Utils.swift */,
				0EA0A6C52B0008F6000393BA /* Defaults.swift */,
			);
			path = Utils;
			sourceTree = "<group>";
		};
		BE900C1B2AF9450A00CCDEE0 = {
			isa = PBXGroup;
			children = (
				BE900C262AF9450A00CCDEE0 /* WA8_Pinheiro_1437 */,
				BE900C252AF9450A00CCDEE0 /* Products */,
			);
			sourceTree = "<group>";
		};
		BE900C252AF9450A00CCDEE0 /* Products */ = {
			isa = PBXGroup;
			children = (
				BE900C242AF9450A00CCDEE0 /* WA8_Pinheiro_1437.app */,
			);
			name = Products;
			sourceTree = "<group>";
		};
		BE900C262AF9450A00CCDEE0 /* WA8_Pinheiro_1437 */ = {
			isa = PBXGroup;
			children = (
				0EA0A6C42B0008EB000393BA /* Utils */,
				0E3C88952AFD4B3500CE8EE7 /* NewChat */,
				BE900C5F2AF9754100CCDEE0 /* ProgressIndicator */,
				BE900C4E2AF967A900CCDEE0 /* Signup */,
				BE900C4D2AF967A400CCDEE0 /* Login */,
				BE900C4C2AF9679B00CCDEE0 /* ChatList */,
				BE900C272AF9450A00CCDEE0 /* AppDelegate.swift */,
				BE900C292AF9450A00CCDEE0 /* SceneDelegate.swift */,
				BE900C2D2AF9450A00CCDEE0 /* Main.storyboard */,
				BE900C302AF9450C00CCDEE0 /* Assets.xcassets */,
				BE900C322AF9450C00CCDEE0 /* LaunchScreen.storyboard */,
				BE900C352AF9450C00CCDEE0 /* Info.plist */,
				BE900C3B2AF94B7B00CCDEE0 /* GoogleService-Info.plist */,
				BE900C462AF94DCE00CCDEE0 /* User.swift */,
				BE900C482AF94DFF00CCDEE0 /* Chat.swift */,
				BE900C4A2AF9530000CCDEE0 /* ChatAPIService.swift */,
				BE900C532AF9695D00CCDEE0 /* NotificationNames.swift */,
				BE900C5D2AF96E7D00CCDEE0 /* AuthenticationAPIService.swift */,
			);
			path = WA8_Pinheiro_1437;
			sourceTree = "<group>";
		};
		BE900C4C2AF9679B00CCDEE0 /* ChatList */ = {
			isa = PBXGroup;
			children = (
				BE900C2B2AF9450A00CCDEE0 /* ViewController.swift */,
				BE900C5B2AF96C1300CCDEE0 /* ChatListView.swift */,
				BE900C6B2AF980C300CCDEE0 /* NavbarButtonManager.swift */,
			);
			path = ChatList;
			sourceTree = "<group>";
		};
		BE900C4D2AF967A400CCDEE0 /* Login */ = {
			isa = PBXGroup;
			children = (
				BE900C4F2AF9686F00CCDEE0 /* LoginView.swift */,
				BE900C592AF96B6000CCDEE0 /* LoginViewController.swift */,
				BE900C692AF97D1700CCDEE0 /* LoginProgressIndicatorManager.swift */,
			);
			path = Login;
			sourceTree = "<group>";
		};
		BE900C4E2AF967A900CCDEE0 /* Signup */ = {
			isa = PBXGroup;
			children = (
				BE900C512AF9688600CCDEE0 /* SignupView.swift */,
				BE900C552AF969F800CCDEE0 /* SignupViewController.swift */,
				BE900C652AF9768200CCDEE0 /* SignupProgressIndicatorManager.swift */,
			);
			path = Signup;
			sourceTree = "<group>";
		};
		BE900C5F2AF9754100CCDEE0 /* ProgressIndicator */ = {
			isa = PBXGroup;
			children = (
				BE900C602AF975B500CCDEE0 /* ProgressSpinnerViewController.swift */,
				BE900C632AF975E500CCDEE0 /* ProgressSpinnerDelegate.swift */,
			);
			path = ProgressIndicator;
			sourceTree = "<group>";
		};
/* End PBXGroup section */

/* Begin PBXNativeTarget section */
		BE900C232AF9450A00CCDEE0 /* WA8_Pinheiro_1437 */ = {
			isa = PBXNativeTarget;
			buildConfigurationList = BE900C382AF9450C00CCDEE0 /* Build configuration list for PBXNativeTarget "WA8_Pinheiro_1437" */;
			buildPhases = (
				BE900C202AF9450A00CCDEE0 /* Sources */,
				BE900C212AF9450A00CCDEE0 /* Frameworks */,
				BE900C222AF9450A00CCDEE0 /* Resources */,
			);
			buildRules = (
			);
			dependencies = (
			);
			name = WA8_Pinheiro_1437;
			packageProductDependencies = (
				BE900C3E2AF94CC300CCDEE0 /* FirebaseAuth */,
				BE900C402AF94CC300CCDEE0 /* FirebaseFirestore */,
				BE900C422AF94CC300CCDEE0 /* FirebaseFirestoreSwift */,
				BE900C442AF94CC300CCDEE0 /* FirebaseStorage */,
			);
			productName = WA8_Pinheiro_1437;
			productReference = BE900C242AF9450A00CCDEE0 /* WA8_Pinheiro_1437.app */;
			productType = "com.apple.product-type.application";
		};
/* End PBXNativeTarget section */

/* Begin PBXProject section */
		BE900C1C2AF9450A00CCDEE0 /* Project object */ = {
			isa = PBXProject;
			attributes = {
				BuildIndependentTargetsInParallel = 1;
				LastSwiftUpdateCheck = 1430;
				LastUpgradeCheck = 1430;
				TargetAttributes = {
					BE900C232AF9450A00CCDEE0 = {
						CreatedOnToolsVersion = 14.3.1;
					};
				};
			};
			buildConfigurationList = BE900C1F2AF9450A00CCDEE0 /* Build configuration list for PBXProject "WA8_Pinheiro_1437" */;
			compatibilityVersion = "Xcode 14.0";
			developmentRegion = en;
			hasScannedForEncodings = 0;
			knownRegions = (
				en,
				Base,
			);
			mainGroup = BE900C1B2AF9450A00CCDEE0;
			packageReferences = (
				BE900C3D2AF94CC300CCDEE0 /* XCRemoteSwiftPackageReference "firebase-ios-sdk" */,
			);
			productRefGroup = BE900C252AF9450A00CCDEE0 /* Products */;
			projectDirPath = "";
			projectRoot = "";
			targets = (
				BE900C232AF9450A00CCDEE0 /* WA8_Pinheiro_1437 */,
			);
		};
/* End PBXProject section */

/* Begin PBXResourcesBuildPhase section */
		BE900C222AF9450A00CCDEE0 /* Resources */ = {
			isa = PBXResourcesBuildPhase;
			buildActionMask = 2147483647;
			files = (
				BE900C342AF9450C00CCDEE0 /* LaunchScreen.storyboard in Resources */,
				BE900C3C2AF94B7B00CCDEE0 /* GoogleService-Info.plist in Resources */,
				BE900C312AF9450C00CCDEE0 /* Assets.xcassets in Resources */,
				BE900C2F2AF9450A00CCDEE0 /* Main.storyboard in Resources */,
			);
			runOnlyForDeploymentPostprocessing = 0;
		};
/* End PBXResourcesBuildPhase section */

/* Begin PBXSourcesBuildPhase section */
		BE900C202AF9450A00CCDEE0 /* Sources */ = {
			isa = PBXSourcesBuildPhase;
			buildActionMask = 2147483647;
			files = (
				BE900C5A2AF96B6000CCDEE0 /* LoginViewController.swift in Sources */,
				BE900C4B2AF9530000CCDEE0 /* ChatAPIService.swift in Sources */,
				BE900C502AF9686F00CCDEE0 /* LoginView.swift in Sources */,
				BE900C562AF969F800CCDEE0 /* SignupViewController.swift in Sources */,
				BE900C6C2AF980C300CCDEE0 /* NavbarButtonManager.swift in Sources */,
				BE900C472AF94DCE00CCDEE0 /* User.swift in Sources */,
				BE900C2C2AF9450A00CCDEE0 /* ViewController.swift in Sources */,
				BE900C5E2AF96E7D00CCDEE0 /* AuthenticationAPIService.swift in Sources */,
				BE900C642AF975E500CCDEE0 /* ProgressSpinnerDelegate.swift in Sources */,
				BE900C542AF9695D00CCDEE0 /* NotificationNames.swift in Sources */,
				BE900C612AF975B600CCDEE0 /* ProgressSpinnerViewController.swift in Sources */,
				BE900C662AF9768200CCDEE0 /* SignupProgressIndicatorManager.swift in Sources */,
				BE900C522AF9688600CCDEE0 /* SignupView.swift in Sources */,
				BE900C6A2AF97D1700CCDEE0 /* LoginProgressIndicatorManager.swift in Sources */,
				BE900C582AF96A2100CCDEE0 /* Utils.swift in Sources */,
				0E3C889B2AFD4C3500CE8EE7 /* SearchTableViewCell.swift in Sources */,
				BE900C282AF9450A00CCDEE0 /* AppDelegate.swift in Sources */,
				0E3C88992AFD4B6100CE8EE7 /* NewChatView.swift in Sources */,
				0EA0A6C62B0008F6000393BA /* Defaults.swift in Sources */,
				BE900C492AF94DFF00CCDEE0 /* Chat.swift in Sources */,
				BE900C2A2AF9450A00CCDEE0 /* SceneDelegate.swift in Sources */,
				BE900C5C2AF96C1300CCDEE0 /* ChatListView.swift in Sources */,
				0E3C88972AFD4B5400CE8EE7 /* NewChatViewController.swift in Sources */,
			);
			runOnlyForDeploymentPostprocessing = 0;
		};
/* End PBXSourcesBuildPhase section */

/* Begin PBXVariantGroup section */
		BE900C2D2AF9450A00CCDEE0 /* Main.storyboard */ = {
			isa = PBXVariantGroup;
			children = (
				BE900C2E2AF9450A00CCDEE0 /* Base */,
			);
			name = Main.storyboard;
			sourceTree = "<group>";
		};
		BE900C322AF9450C00CCDEE0 /* LaunchScreen.storyboard */ = {
			isa = PBXVariantGroup;
			children = (
				BE900C332AF9450C00CCDEE0 /* Base */,
			);
			name = LaunchScreen.storyboard;
			sourceTree = "<group>";
		};
/* End PBXVariantGroup section */

/* Begin XCBuildConfiguration section */
		BE900C362AF9450C00CCDEE0 /* Debug */ = {
			isa = XCBuildConfiguration;
			buildSettings = {
				ALWAYS_SEARCH_USER_PATHS = NO;
				CLANG_ANALYZER_NONNULL = YES;
				CLANG_ANALYZER_NUMBER_OBJECT_CONVERSION = YES_AGGRESSIVE;
				CLANG_CXX_LANGUAGE_STANDARD = "gnu++20";
				CLANG_ENABLE_MODULES = YES;
				CLANG_ENABLE_OBJC_ARC = YES;
				CLANG_ENABLE_OBJC_WEAK = YES;
				CLANG_WARN_BLOCK_CAPTURE_AUTORELEASING = YES;
				CLANG_WARN_BOOL_CONVERSION = YES;
				CLANG_WARN_COMMA = YES;
				CLANG_WARN_CONSTANT_CONVERSION = YES;
				CLANG_WARN_DEPRECATED_OBJC_IMPLEMENTATIONS = YES;
				CLANG_WARN_DIRECT_OBJC_ISA_USAGE = YES_ERROR;
				CLANG_WARN_DOCUMENTATION_COMMENTS = YES;
				CLANG_WARN_EMPTY_BODY = YES;
				CLANG_WARN_ENUM_CONVERSION = YES;
				CLANG_WARN_INFINITE_RECURSION = YES;
				CLANG_WARN_INT_CONVERSION = YES;
				CLANG_WARN_NON_LITERAL_NULL_CONVERSION = YES;
				CLANG_WARN_OBJC_IMPLICIT_RETAIN_SELF = YES;
				CLANG_WARN_OBJC_LITERAL_CONVERSION = YES;
				CLANG_WARN_OBJC_ROOT_CLASS = YES_ERROR;
				CLANG_WARN_QUOTED_INCLUDE_IN_FRAMEWORK_HEADER = YES;
				CLANG_WARN_RANGE_LOOP_ANALYSIS = YES;
				CLANG_WARN_STRICT_PROTOTYPES = YES;
				CLANG_WARN_SUSPICIOUS_MOVE = YES;
				CLANG_WARN_UNGUARDED_AVAILABILITY = YES_AGGRESSIVE;
				CLANG_WARN_UNREACHABLE_CODE = YES;
				CLANG_WARN__DUPLICATE_METHOD_MATCH = YES;
				COPY_PHASE_STRIP = NO;
				DEBUG_INFORMATION_FORMAT = dwarf;
				ENABLE_STRICT_OBJC_MSGSEND = YES;
				ENABLE_TESTABILITY = YES;
				GCC_C_LANGUAGE_STANDARD = gnu11;
				GCC_DYNAMIC_NO_PIC = NO;
				GCC_NO_COMMON_BLOCKS = YES;
				GCC_OPTIMIZATION_LEVEL = 0;
				GCC_PREPROCESSOR_DEFINITIONS = (
					"DEBUG=1",
					"$(inherited)",
				);
				GCC_WARN_64_TO_32_BIT_CONVERSION = YES;
				GCC_WARN_ABOUT_RETURN_TYPE = YES_ERROR;
				GCC_WARN_UNDECLARED_SELECTOR = YES;
				GCC_WARN_UNINITIALIZED_AUTOS = YES_AGGRESSIVE;
				GCC_WARN_UNUSED_FUNCTION = YES;
				GCC_WARN_UNUSED_VARIABLE = YES;
				IPHONEOS_DEPLOYMENT_TARGET = 16.4;
				MTL_ENABLE_DEBUG_INFO = INCLUDE_SOURCE;
				MTL_FAST_MATH = YES;
				ONLY_ACTIVE_ARCH = YES;
				SDKROOT = iphoneos;
				SWIFT_ACTIVE_COMPILATION_CONDITIONS = DEBUG;
				SWIFT_OPTIMIZATION_LEVEL = "-Onone";
			};
			name = Debug;
		};
		BE900C372AF9450C00CCDEE0 /* Release */ = {
			isa = XCBuildConfiguration;
			buildSettings = {
				ALWAYS_SEARCH_USER_PATHS = NO;
				CLANG_ANALYZER_NONNULL = YES;
				CLANG_ANALYZER_NUMBER_OBJECT_CONVERSION = YES_AGGRESSIVE;
				CLANG_CXX_LANGUAGE_STANDARD = "gnu++20";
				CLANG_ENABLE_MODULES = YES;
				CLANG_ENABLE_OBJC_ARC = YES;
				CLANG_ENABLE_OBJC_WEAK = YES;
				CLANG_WARN_BLOCK_CAPTURE_AUTORELEASING = YES;
				CLANG_WARN_BOOL_CONVERSION = YES;
				CLANG_WARN_COMMA = YES;
				CLANG_WARN_CONSTANT_CONVERSION = YES;
				CLANG_WARN_DEPRECATED_OBJC_IMPLEMENTATIONS = YES;
				CLANG_WARN_DIRECT_OBJC_ISA_USAGE = YES_ERROR;
				CLANG_WARN_DOCUMENTATION_COMMENTS = YES;
				CLANG_WARN_EMPTY_BODY = YES;
				CLANG_WARN_ENUM_CONVERSION = YES;
				CLANG_WARN_INFINITE_RECURSION = YES;
				CLANG_WARN_INT_CONVERSION = YES;
				CLANG_WARN_NON_LITERAL_NULL_CONVERSION = YES;
				CLANG_WARN_OBJC_IMPLICIT_RETAIN_SELF = YES;
				CLANG_WARN_OBJC_LITERAL_CONVERSION = YES;
				CLANG_WARN_OBJC_ROOT_CLASS = YES_ERROR;
				CLANG_WARN_QUOTED_INCLUDE_IN_FRAMEWORK_HEADER = YES;
				CLANG_WARN_RANGE_LOOP_ANALYSIS = YES;
				CLANG_WARN_STRICT_PROTOTYPES = YES;
				CLANG_WARN_SUSPICIOUS_MOVE = YES;
				CLANG_WARN_UNGUARDED_AVAILABILITY = YES_AGGRESSIVE;
				CLANG_WARN_UNREACHABLE_CODE = YES;
				CLANG_WARN__DUPLICATE_METHOD_MATCH = YES;
				COPY_PHASE_STRIP = NO;
				DEBUG_INFORMATION_FORMAT = "dwarf-with-dsym";
				ENABLE_NS_ASSERTIONS = NO;
				ENABLE_STRICT_OBJC_MSGSEND = YES;
				GCC_C_LANGUAGE_STANDARD = gnu11;
				GCC_NO_COMMON_BLOCKS = YES;
				GCC_WARN_64_TO_32_BIT_CONVERSION = YES;
				GCC_WARN_ABOUT_RETURN_TYPE = YES_ERROR;
				GCC_WARN_UNDECLARED_SELECTOR = YES;
				GCC_WARN_UNINITIALIZED_AUTOS = YES_AGGRESSIVE;
				GCC_WARN_UNUSED_FUNCTION = YES;
				GCC_WARN_UNUSED_VARIABLE = YES;
				IPHONEOS_DEPLOYMENT_TARGET = 16.4;
				MTL_ENABLE_DEBUG_INFO = NO;
				MTL_FAST_MATH = YES;
				SDKROOT = iphoneos;
				SWIFT_COMPILATION_MODE = wholemodule;
				SWIFT_OPTIMIZATION_LEVEL = "-O";
				VALIDATE_PRODUCT = YES;
			};
			name = Release;
		};
		BE900C392AF9450C00CCDEE0 /* Debug */ = {
			isa = XCBuildConfiguration;
			buildSettings = {
				ASSETCATALOG_COMPILER_APPICON_NAME = AppIcon;
				ASSETCATALOG_COMPILER_GLOBAL_ACCENT_COLOR_NAME = AccentColor;
				CODE_SIGN_STYLE = Automatic;
				CURRENT_PROJECT_VERSION = 1;
				DEVELOPMENT_TEAM = H5GPQNP9JQ;
				GENERATE_INFOPLIST_FILE = YES;
				INFOPLIST_FILE = WA8_Pinheiro_1437/Info.plist;
				INFOPLIST_KEY_UIApplicationSupportsIndirectInputEvents = YES;
				INFOPLIST_KEY_UILaunchStoryboardName = LaunchScreen;
				INFOPLIST_KEY_UIMainStoryboardFile = Main;
				INFOPLIST_KEY_UISupportedInterfaceOrientations_iPad = "UIInterfaceOrientationPortrait UIInterfaceOrientationPortraitUpsideDown UIInterfaceOrientationLandscapeLeft UIInterfaceOrientationLandscapeRight";
				INFOPLIST_KEY_UISupportedInterfaceOrientations_iPhone = "UIInterfaceOrientationPortrait UIInterfaceOrientationLandscapeLeft UIInterfaceOrientationLandscapeRight";
				LD_RUNPATH_SEARCH_PATHS = (
					"$(inherited)",
					"@executable_path/Frameworks",
				);
				MARKETING_VERSION = 1.0;
				PRODUCT_BUNDLE_IDENTIFIER = "com.maxpinheiro.WA8-Pinheiro-1437";
				PRODUCT_NAME = "$(TARGET_NAME)";
				SWIFT_EMIT_LOC_STRINGS = YES;
				SWIFT_VERSION = 5.0;
				TARGETED_DEVICE_FAMILY = "1,2";
			};
			name = Debug;
		};
		BE900C3A2AF9450C00CCDEE0 /* Release */ = {
			isa = XCBuildConfiguration;
			buildSettings = {
				ASSETCATALOG_COMPILER_APPICON_NAME = AppIcon;
				ASSETCATALOG_COMPILER_GLOBAL_ACCENT_COLOR_NAME = AccentColor;
				CODE_SIGN_STYLE = Automatic;
				CURRENT_PROJECT_VERSION = 1;
				DEVELOPMENT_TEAM = H5GPQNP9JQ;
				GENERATE_INFOPLIST_FILE = YES;
				INFOPLIST_FILE = WA8_Pinheiro_1437/Info.plist;
				INFOPLIST_KEY_UIApplicationSupportsIndirectInputEvents = YES;
				INFOPLIST_KEY_UILaunchStoryboardName = LaunchScreen;
				INFOPLIST_KEY_UIMainStoryboardFile = Main;
				INFOPLIST_KEY_UISupportedInterfaceOrientations_iPad = "UIInterfaceOrientationPortrait UIInterfaceOrientationPortraitUpsideDown UIInterfaceOrientationLandscapeLeft UIInterfaceOrientationLandscapeRight";
				INFOPLIST_KEY_UISupportedInterfaceOrientations_iPhone = "UIInterfaceOrientationPortrait UIInterfaceOrientationLandscapeLeft UIInterfaceOrientationLandscapeRight";
				LD_RUNPATH_SEARCH_PATHS = (
					"$(inherited)",
					"@executable_path/Frameworks",
				);
				MARKETING_VERSION = 1.0;
				PRODUCT_BUNDLE_IDENTIFIER = "com.maxpinheiro.WA8-Pinheiro-1437";
				PRODUCT_NAME = "$(TARGET_NAME)";
				SWIFT_EMIT_LOC_STRINGS = YES;
				SWIFT_VERSION = 5.0;
				TARGETED_DEVICE_FAMILY = "1,2";
			};
			name = Release;
		};
/* End XCBuildConfiguration section */

/* Begin XCConfigurationList section */
		BE900C1F2AF9450A00CCDEE0 /* Build configuration list for PBXProject "WA8_Pinheiro_1437" */ = {
			isa = XCConfigurationList;
			buildConfigurations = (
				BE900C362AF9450C00CCDEE0 /* Debug */,
				BE900C372AF9450C00CCDEE0 /* Release */,
			);
			defaultConfigurationIsVisible = 0;
			defaultConfigurationName = Release;
		};
		BE900C382AF9450C00CCDEE0 /* Build configuration list for PBXNativeTarget "WA8_Pinheiro_1437" */ = {
			isa = XCConfigurationList;
			buildConfigurations = (
				BE900C392AF9450C00CCDEE0 /* Debug */,
				BE900C3A2AF9450C00CCDEE0 /* Release */,
			);
			defaultConfigurationIsVisible = 0;
			defaultConfigurationName = Release;
		};
/* End XCConfigurationList section */

/* Begin XCRemoteSwiftPackageReference section */
		BE900C3D2AF94CC300CCDEE0 /* XCRemoteSwiftPackageReference "firebase-ios-sdk" */ = {
			isa = XCRemoteSwiftPackageReference;
			repositoryURL = "https://github.com/firebase/firebase-ios-sdk.git";
			requirement = {
				kind = upToNextMajorVersion;
				minimumVersion = 10.0.0;
			};
		};
/* End XCRemoteSwiftPackageReference section */

/* Begin XCSwiftPackageProductDependency section */
		BE900C3E2AF94CC300CCDEE0 /* FirebaseAuth */ = {
			isa = XCSwiftPackageProductDependency;
			package = BE900C3D2AF94CC300CCDEE0 /* XCRemoteSwiftPackageReference "firebase-ios-sdk" */;
			productName = FirebaseAuth;
		};
		BE900C402AF94CC300CCDEE0 /* FirebaseFirestore */ = {
			isa = XCSwiftPackageProductDependency;
			package = BE900C3D2AF94CC300CCDEE0 /* XCRemoteSwiftPackageReference "firebase-ios-sdk" */;
			productName = FirebaseFirestore;
		};
		BE900C422AF94CC300CCDEE0 /* FirebaseFirestoreSwift */ = {
			isa = XCSwiftPackageProductDependency;
			package = BE900C3D2AF94CC300CCDEE0 /* XCRemoteSwiftPackageReference "firebase-ios-sdk" */;
			productName = FirebaseFirestoreSwift;
		};
		BE900C442AF94CC300CCDEE0 /* FirebaseStorage */ = {
			isa = XCSwiftPackageProductDependency;
			package = BE900C3D2AF94CC300CCDEE0 /* XCRemoteSwiftPackageReference "firebase-ios-sdk" */;
			productName = FirebaseStorage;
		};
/* End XCSwiftPackageProductDependency section */
	};
	rootObject = BE900C1C2AF9450A00CCDEE0 /* Project object */;
}
